// !$*UTF8*$!
{
	archiveVersion = 1;
	classes = {
	};
	objectVersion = 55;
	objects = {

/* Begin PBXBuildFile section */
		76D904F128B978BC00ED41E6 /* Tests_iOS.swift in Sources */ = {isa = PBXBuildFile; fileRef = 76D904F028B978BC00ED41E6 /* Tests_iOS.swift */; };
		76D904F328B978BC00ED41E6 /* Tests_iOSLaunchTests.swift in Sources */ = {isa = PBXBuildFile; fileRef = 76D904F228B978BC00ED41E6 /* Tests_iOSLaunchTests.swift */; };
		76D904FD28B978BC00ED41E6 /* Tests_macOS.swift in Sources */ = {isa = PBXBuildFile; fileRef = 76D904FC28B978BC00ED41E6 /* Tests_macOS.swift */; };
		76D904FF28B978BC00ED41E6 /* Tests_macOSLaunchTests.swift in Sources */ = {isa = PBXBuildFile; fileRef = 76D904FE28B978BC00ED41E6 /* Tests_macOSLaunchTests.swift */; };
		76D9050028B978BC00ED41E6 /* ColorsApp.swift in Sources */ = {isa = PBXBuildFile; fileRef = 76D904D828B978B900ED41E6 /* ColorsApp.swift */; };
		76D9050128B978BC00ED41E6 /* ColorsApp.swift in Sources */ = {isa = PBXBuildFile; fileRef = 76D904D828B978B900ED41E6 /* ColorsApp.swift */; };
		76D9050228B978BC00ED41E6 /* ContentView.swift in Sources */ = {isa = PBXBuildFile; fileRef = 76D904D928B978B900ED41E6 /* ContentView.swift */; };
		76D9050328B978BC00ED41E6 /* ContentView.swift in Sources */ = {isa = PBXBuildFile; fileRef = 76D904D928B978B900ED41E6 /* ContentView.swift */; };
		76D9050428B978BC00ED41E6 /* Assets.xcassets in Resources */ = {isa = PBXBuildFile; fileRef = 76D904DA28B978BB00ED41E6 /* Assets.xcassets */; };
		76D9050528B978BC00ED41E6 /* Assets.xcassets in Resources */ = {isa = PBXBuildFile; fileRef = 76D904DA28B978BB00ED41E6 /* Assets.xcassets */; };
/* End PBXBuildFile section */

/* Begin PBXContainerItemProxy section */
		76D904ED28B978BC00ED41E6 /* PBXContainerItemProxy */ = {
			isa = PBXContainerItemProxy;
			containerPortal = 76D904D328B978B900ED41E6 /* Project object */;
			proxyType = 1;
			remoteGlobalIDString = 76D904DE28B978BB00ED41E6;
			remoteInfo = "Colors (iOS)";
		};
		76D904F928B978BC00ED41E6 /* PBXContainerItemProxy */ = {
			isa = PBXContainerItemProxy;
			containerPortal = 76D904D328B978B900ED41E6 /* Project object */;
			proxyType = 1;
			remoteGlobalIDString = 76D904E428B978BB00ED41E6;
			remoteInfo = "Colors (macOS)";
		};
/* End PBXContainerItemProxy section */

/* Begin PBXFileReference section */
		76D904D828B978B900ED41E6 /* ColorsApp.swift */ = {isa = PBXFileReference; lastKnownFileType = sourcecode.swift; path = ColorsApp.swift; sourceTree = "<group>"; };
		76D904D928B978B900ED41E6 /* ContentView.swift */ = {isa = PBXFileReference; lastKnownFileType = sourcecode.swift; path = ContentView.swift; sourceTree = "<group>"; };
		76D904DA28B978BB00ED41E6 /* Assets.xcassets */ = {isa = PBXFileReference; lastKnownFileType = folder.assetcatalog; path = Assets.xcassets; sourceTree = "<group>"; };
		76D904DF28B978BB00ED41E6 /* Colors.app */ = {isa = PBXFileReference; explicitFileType = wrapper.application; includeInIndex = 0; path = Colors.app; sourceTree = BUILT_PRODUCTS_DIR; };
		76D904E528B978BB00ED41E6 /* Colors.app */ = {isa = PBXFileReference; explicitFileType = wrapper.application; includeInIndex = 0; path = Colors.app; sourceTree = BUILT_PRODUCTS_DIR; };
		76D904E728B978BB00ED41E6 /* macOS.entitlements */ = {isa = PBXFileReference; lastKnownFileType = text.plist.entitlements; path = macOS.entitlements; sourceTree = "<group>"; };
		76D904EC28B978BB00ED41E6 /* Tests iOS.xctest */ = {isa = PBXFileReference; explicitFileType = wrapper.cfbundle; includeInIndex = 0; path = "Tests iOS.xctest"; sourceTree = BUILT_PRODUCTS_DIR; };
		76D904F028B978BC00ED41E6 /* Tests_iOS.swift */ = {isa = PBXFileReference; lastKnownFileType = sourcecode.swift; path = Tests_iOS.swift; sourceTree = "<group>"; };
		76D904F228B978BC00ED41E6 /* Tests_iOSLaunchTests.swift */ = {isa = PBXFileReference; lastKnownFileType = sourcecode.swift; path = Tests_iOSLaunchTests.swift; sourceTree = "<group>"; };
		76D904F828B978BC00ED41E6 /* Tests macOS.xctest */ = {isa = PBXFileReference; explicitFileType = wrapper.cfbundle; includeInIndex = 0; path = "Tests macOS.xctest"; sourceTree = BUILT_PRODUCTS_DIR; };
		76D904FC28B978BC00ED41E6 /* Tests_macOS.swift */ = {isa = PBXFileReference; lastKnownFileType = sourcecode.swift; path = Tests_macOS.swift; sourceTree = "<group>"; };
		76D904FE28B978BC00ED41E6 /* Tests_macOSLaunchTests.swift */ = {isa = PBXFileReference; lastKnownFileType = sourcecode.swift; path = Tests_macOSLaunchTests.swift; sourceTree = "<group>"; };
/* End PBXFileReference section */

/* Begin PBXFrameworksBuildPhase section */
		76D904DC28B978BB00ED41E6 /* Frameworks */ = {
			isa = PBXFrameworksBuildPhase;
			buildActionMask = 2147483647;
			files = (
			);
			runOnlyForDeploymentPostprocessing = 0;
		};
		76D904E228B978BB00ED41E6 /* Frameworks */ = {
			isa = PBXFrameworksBuildPhase;
			buildActionMask = 2147483647;
			files = (
			);
			runOnlyForDeploymentPostprocessing = 0;
		};
		76D904E928B978BB00ED41E6 /* Frameworks */ = {
			isa = PBXFrameworksBuildPhase;
			buildActionMask = 2147483647;
			files = (
			);
			runOnlyForDeploymentPostprocessing = 0;
		};
		76D904F528B978BC00ED41E6 /* Frameworks */ = {
			isa = PBXFrameworksBuildPhase;
			buildActionMask = 2147483647;
			files = (
			);
			runOnlyForDeploymentPostprocessing = 0;
		};
/* End PBXFrameworksBuildPhase section */

/* Begin PBXGroup section */
		76D904D228B978B900ED41E6 = {
			isa = PBXGroup;
			children = (
				76D904D728B978B900ED41E6 /* Shared */,
				76D904E628B978BB00ED41E6 /* macOS */,
				76D904EF28B978BC00ED41E6 /* Tests iOS */,
				76D904FB28B978BC00ED41E6 /* Tests macOS */,
				76D904E028B978BB00ED41E6 /* Products */,
			);
			sourceTree = "<group>";
		};
		76D904D728B978B900ED41E6 /* Shared */ = {
			isa = PBXGroup;
			children = (
				76D904D828B978B900ED41E6 /* ColorsApp.swift */,
				76D904D928B978B900ED41E6 /* ContentView.swift */,
				76D904DA28B978BB00ED41E6 /* Assets.xcassets */,
			);
			path = Shared;
			sourceTree = "<group>";
		};
		76D904E028B978BB00ED41E6 /* Products */ = {
			isa = PBXGroup;
			children = (
				76D904DF28B978BB00ED41E6 /* Colors.app */,
				76D904E528B978BB00ED41E6 /* Colors.app */,
				76D904EC28B978BB00ED41E6 /* Tests iOS.xctest */,
				76D904F828B978BC00ED41E6 /* Tests macOS.xctest */,
			);
			name = Products;
			sourceTree = "<group>";
		};
		76D904E628B978BB00ED41E6 /* macOS */ = {
			isa = PBXGroup;
			children = (
				76D904E728B978BB00ED41E6 /* macOS.entitlements */,
			);
			path = macOS;
			sourceTree = "<group>";
		};
		76D904EF28B978BC00ED41E6 /* Tests iOS */ = {
			isa = PBXGroup;
			children = (
				76D904F028B978BC00ED41E6 /* Tests_iOS.swift */,
				76D904F228B978BC00ED41E6 /* Tests_iOSLaunchTests.swift */,
			);
			path = "Tests iOS";
			sourceTree = "<group>";
		};
		76D904FB28B978BC00ED41E6 /* Tests macOS */ = {
			isa = PBXGroup;
			children = (
				76D904FC28B978BC00ED41E6 /* Tests_macOS.swift */,
				76D904FE28B978BC00ED41E6 /* Tests_macOSLaunchTests.swift */,
			);
			path = "Tests macOS";
			sourceTree = "<group>";
		};
/* End PBXGroup section */

/* Begin PBXNativeTarget section */
		76D904DE28B978BB00ED41E6 /* Colors (iOS) */ = {
			isa = PBXNativeTarget;
			buildConfigurationList = 76D9050828B978BC00ED41E6 /* Build configuration list for PBXNativeTarget "Colors (iOS)" */;
			buildPhases = (
				76D904DB28B978BB00ED41E6 /* Sources */,
				76D904DC28B978BB00ED41E6 /* Frameworks */,
				76D904DD28B978BB00ED41E6 /* Resources */,
			);
			buildRules = (
			);
			dependencies = (
			);
			name = "Colors (iOS)";
			productName = "Colors (iOS)";
			productReference = 76D904DF28B978BB00ED41E6 /* Colors.app */;
			productType = "com.apple.product-type.application";
		};
		76D904E428B978BB00ED41E6 /* Colors (macOS) */ = {
			isa = PBXNativeTarget;
			buildConfigurationList = 76D9050B28B978BC00ED41E6 /* Build configuration list for PBXNativeTarget "Colors (macOS)" */;
			buildPhases = (
				76D904E128B978BB00ED41E6 /* Sources */,
				76D904E228B978BB00ED41E6 /* Frameworks */,
				76D904E328B978BB00ED41E6 /* Resources */,
			);
			buildRules = (
			);
			dependencies = (
			);
			name = "Colors (macOS)";
			productName = "Colors (macOS)";
			productReference = 76D904E528B978BB00ED41E6 /* Colors.app */;
			productType = "com.apple.product-type.application";
		};
		76D904EB28B978BB00ED41E6 /* Tests iOS */ = {
			isa = PBXNativeTarget;
			buildConfigurationList = 76D9050E28B978BC00ED41E6 /* Build configuration list for PBXNativeTarget "Tests iOS" */;
			buildPhases = (
				76D904E828B978BB00ED41E6 /* Sources */,
				76D904E928B978BB00ED41E6 /* Frameworks */,
				76D904EA28B978BB00ED41E6 /* Resources */,
			);
			buildRules = (
			);
			dependencies = (
				76D904EE28B978BC00ED41E6 /* PBXTargetDependency */,
			);
			name = "Tests iOS";
			productName = "Tests iOS";
			productReference = 76D904EC28B978BB00ED41E6 /* Tests iOS.xctest */;
			productType = "com.apple.product-type.bundle.ui-testing";
		};
		76D904F728B978BC00ED41E6 /* Tests macOS */ = {
			isa = PBXNativeTarget;
			buildConfigurationList = 76D9051128B978BC00ED41E6 /* Build configuration list for PBXNativeTarget "Tests macOS" */;
			buildPhases = (
				76D904F428B978BC00ED41E6 /* Sources */,
				76D904F528B978BC00ED41E6 /* Frameworks */,
				76D904F628B978BC00ED41E6 /* Resources */,
			);
			buildRules = (
			);
			dependencies = (
				76D904FA28B978BC00ED41E6 /* PBXTargetDependency */,
			);
			name = "Tests macOS";
			productName = "Tests macOS";
			productReference = 76D904F828B978BC00ED41E6 /* Tests macOS.xctest */;
			productType = "com.apple.product-type.bundle.ui-testing";
		};
/* End PBXNativeTarget section */

/* Begin PBXProject section */
		76D904D328B978B900ED41E6 /* Project object */ = {
			isa = PBXProject;
			attributes = {
				BuildIndependentTargetsInParallel = 1;
				LastSwiftUpdateCheck = 1340;
				LastUpgradeCheck = 1340;
				TargetAttributes = {
					76D904DE28B978BB00ED41E6 = {
						CreatedOnToolsVersion = 13.4.1;
					};
					76D904E428B978BB00ED41E6 = {
						CreatedOnToolsVersion = 13.4.1;
					};
					76D904EB28B978BB00ED41E6 = {
						CreatedOnToolsVersion = 13.4.1;
						TestTargetID = 76D904DE28B978BB00ED41E6;
					};
					76D904F728B978BC00ED41E6 = {
						CreatedOnToolsVersion = 13.4.1;
						TestTargetID = 76D904E428B978BB00ED41E6;
					};
				};
			};
			buildConfigurationList = 76D904D628B978B900ED41E6 /* Build configuration list for PBXProject "Colors" */;
			compatibilityVersion = "Xcode 13.0";
			developmentRegion = en;
			hasScannedForEncodings = 0;
			knownRegions = (
				en,
				Base,
			);
			mainGroup = 76D904D228B978B900ED41E6;
			productRefGroup = 76D904E028B978BB00ED41E6 /* Products */;
			projectDirPath = "";
			projectRoot = "";
			targets = (
				76D904DE28B978BB00ED41E6 /* Colors (iOS) */,
				76D904E428B978BB00ED41E6 /* Colors (macOS) */,
				76D904EB28B978BB00ED41E6 /* Tests iOS */,
				76D904F728B978BC00ED41E6 /* Tests macOS */,
			);
		};
/* End PBXProject section */

/* Begin PBXResourcesBuildPhase section */
		76D904DD28B978BB00ED41E6 /* Resources */ = {
			isa = PBXResourcesBuildPhase;
			buildActionMask = 2147483647;
			files = (
				76D9050428B978BC00ED41E6 /* Assets.xcassets in Resources */,
			);
			runOnlyForDeploymentPostprocessing = 0;
		};
		76D904E328B978BB00ED41E6 /* Resources */ = {
			isa = PBXResourcesBuildPhase;
			buildActionMask = 2147483647;
			files = (
				76D9050528B978BC00ED41E6 /* Assets.xcassets in Resources */,
			);
			runOnlyForDeploymentPostprocessing = 0;
		};
		76D904EA28B978BB00ED41E6 /* Resources */ = {
			isa = PBXResourcesBuildPhase;
			buildActionMask = 2147483647;
			files = (
			);
			runOnlyForDeploymentPostprocessing = 0;
		};
		76D904F628B978BC00ED41E6 /* Resources */ = {
			isa = PBXResourcesBuildPhase;
			buildActionMask = 2147483647;
			files = (
			);
			runOnlyForDeploymentPostprocessing = 0;
		};
/* End PBXResourcesBuildPhase section */

/* Begin PBXSourcesBuildPhase section */
		76D904DB28B978BB00ED41E6 /* Sources */ = {
			isa = PBXSourcesBuildPhase;
			buildActionMask = 2147483647;
			files = (
				76D9050228B978BC00ED41E6 /* ContentView.swift in Sources */,
				76D9050028B978BC00ED41E6 /* ColorsApp.swift in Sources */,
			);
			runOnlyForDeploymentPostprocessing = 0;
		};
		76D904E128B978BB00ED41E6 /* Sources */ = {
			isa = PBXSourcesBuildPhase;
			buildActionMask = 2147483647;
			files = (
				76D9050328B978BC00ED41E6 /* ContentView.swift in Sources */,
				76D9050128B978BC00ED41E6 /* ColorsApp.swift in Sources */,
			);
			runOnlyForDeploymentPostprocessing = 0;
		};
		76D904E828B978BB00ED41E6 /* Sources */ = {
			isa = PBXSourcesBuildPhase;
			buildActionMask = 2147483647;
			files = (
				76D904F328B978BC00ED41E6 /* Tests_iOSLaunchTests.swift in Sources */,
				76D904F128B978BC00ED41E6 /* Tests_iOS.swift in Sources */,
			);
			runOnlyForDeploymentPostprocessing = 0;
		};
		76D904F428B978BC00ED41E6 /* Sources */ = {
			isa = PBXSourcesBuildPhase;
			buildActionMask = 2147483647;
			files = (
				76D904FF28B978BC00ED41E6 /* Tests_macOSLaunchTests.swift in Sources */,
				76D904FD28B978BC00ED41E6 /* Tests_macOS.swift in Sources */,
			);
			runOnlyForDeploymentPostprocessing = 0;
		};
/* End PBXSourcesBuildPhase section */

/* Begin PBXTargetDependency section */
		76D904EE28B978BC00ED41E6 /* PBXTargetDependency */ = {
			isa = PBXTargetDependency;
			target = 76D904DE28B978BB00ED41E6 /* Colors (iOS) */;
			targetProxy = 76D904ED28B978BC00ED41E6 /* PBXContainerItemProxy */;
		};
		76D904FA28B978BC00ED41E6 /* PBXTargetDependency */ = {
			isa = PBXTargetDependency;
			target = 76D904E428B978BB00ED41E6 /* Colors (macOS) */;
			targetProxy = 76D904F928B978BC00ED41E6 /* PBXContainerItemProxy */;
		};
/* End PBXTargetDependency section */

/* Begin XCBuildConfiguration section */
		76D9050628B978BC00ED41E6 /* Debug */ = {
			isa = XCBuildConfiguration;
			buildSettings = {
				ALWAYS_SEARCH_USER_PATHS = NO;
				CLANG_ANALYZER_NONNULL = YES;
				CLANG_ANALYZER_NUMBER_OBJECT_CONVERSION = YES_AGGRESSIVE;
				CLANG_CXX_LANGUAGE_STANDARD = "gnu++17";
				CLANG_ENABLE_MODULES = YES;
				CLANG_ENABLE_OBJC_ARC = YES;
				CLANG_ENABLE_OBJC_WEAK = YES;
				CLANG_WARN_BLOCK_CAPTURE_AUTORELEASING = YES;
				CLANG_WARN_BOOL_CONVERSION = YES;
				CLANG_WARN_COMMA = YES;
				CLANG_WARN_CONSTANT_CONVERSION = YES;
				CLANG_WARN_DEPRECATED_OBJC_IMPLEMENTATIONS = YES;
				CLANG_WARN_DIRECT_OBJC_ISA_USAGE = YES_ERROR;
				CLANG_WARN_DOCUMENTATION_COMMENTS = YES;
				CLANG_WARN_EMPTY_BODY = YES;
				CLANG_WARN_ENUM_CONVERSION = YES;
				CLANG_WARN_INFINITE_RECURSION = YES;
				CLANG_WARN_INT_CONVERSION = YES;
				CLANG_WARN_NON_LITERAL_NULL_CONVERSION = YES;
				CLANG_WARN_OBJC_IMPLICIT_RETAIN_SELF = YES;
				CLANG_WARN_OBJC_LITERAL_CONVERSION = YES;
				CLANG_WARN_OBJC_ROOT_CLASS = YES_ERROR;
				CLANG_WARN_QUOTED_INCLUDE_IN_FRAMEWORK_HEADER = YES;
				CLANG_WARN_RANGE_LOOP_ANALYSIS = YES;
				CLANG_WARN_STRICT_PROTOTYPES = YES;
				CLANG_WARN_SUSPICIOUS_MOVE = YES;
				CLANG_WARN_UNGUARDED_AVAILABILITY = YES_AGGRESSIVE;
				CLANG_WARN_UNREACHABLE_CODE = YES;
				CLANG_WARN__DUPLICATE_METHOD_MATCH = YES;
				COPY_PHASE_STRIP = NO;
				DEBUG_INFORMATION_FORMAT = dwarf;
				ENABLE_STRICT_OBJC_MSGSEND = YES;
				ENABLE_TESTABILITY = YES;
				GCC_C_LANGUAGE_STANDARD = gnu11;
				GCC_DYNAMIC_NO_PIC = NO;
				GCC_NO_COMMON_BLOCKS = YES;
				GCC_OPTIMIZATION_LEVEL = 0;
				GCC_PREPROCESSOR_DEFINITIONS = (
					"DEBUG=1",
					"$(inherited)",
				);
				GCC_WARN_64_TO_32_BIT_CONVERSION = YES;
				GCC_WARN_ABOUT_RETURN_TYPE = YES_ERROR;
				GCC_WARN_UNDECLARED_SELECTOR = YES;
				GCC_WARN_UNINITIALIZED_AUTOS = YES_AGGRESSIVE;
				GCC_WARN_UNUSED_FUNCTION = YES;
				GCC_WARN_UNUSED_VARIABLE = YES;
				MTL_ENABLE_DEBUG_INFO = INCLUDE_SOURCE;
				MTL_FAST_MATH = YES;
				ONLY_ACTIVE_ARCH = YES;
				SWIFT_ACTIVE_COMPILATION_CONDITIONS = DEBUG;
				SWIFT_OPTIMIZATION_LEVEL = "-Onone";
			};
			name = Debug;
		};
		76D9050728B978BC00ED41E6 /* Release */ = {
			isa = XCBuildConfiguration;
			buildSettings = {
				ALWAYS_SEARCH_USER_PATHS = NO;
				CLANG_ANALYZER_NONNULL = YES;
				CLANG_ANALYZER_NUMBER_OBJECT_CONVERSION = YES_AGGRESSIVE;
				CLANG_CXX_LANGUAGE_STANDARD = "gnu++17";
				CLANG_ENABLE_MODULES = YES;
				CLANG_ENABLE_OBJC_ARC = YES;
				CLANG_ENABLE_OBJC_WEAK = YES;
				CLANG_WARN_BLOCK_CAPTURE_AUTORELEASING = YES;
				CLANG_WARN_BOOL_CONVERSION = YES;
				CLANG_WARN_COMMA = YES;
				CLANG_WARN_CONSTANT_CONVERSION = YES;
				CLANG_WARN_DEPRECATED_OBJC_IMPLEMENTATIONS = YES;
				CLANG_WARN_DIRECT_OBJC_ISA_USAGE = YES_ERROR;
				CLANG_WARN_DOCUMENTATION_COMMENTS = YES;
				CLANG_WARN_EMPTY_BODY = YES;
				CLANG_WARN_ENUM_CONVERSION = YES;
				CLANG_WARN_INFINITE_RECURSION = YES;
				CLANG_WARN_INT_CONVERSION = YES;
				CLANG_WARN_NON_LITERAL_NULL_CONVERSION = YES;
				CLANG_WARN_OBJC_IMPLICIT_RETAIN_SELF = YES;
				CLANG_WARN_OBJC_LITERAL_CONVERSION = YES;
				CLANG_WARN_OBJC_ROOT_CLASS = YES_ERROR;
				CLANG_WARN_QUOTED_INCLUDE_IN_FRAMEWORK_HEADER = YES;
				CLANG_WARN_RANGE_LOOP_ANALYSIS = YES;
				CLANG_WARN_STRICT_PROTOTYPES = YES;
				CLANG_WARN_SUSPICIOUS_MOVE = YES;
				CLANG_WARN_UNGUARDED_AVAILABILITY = YES_AGGRESSIVE;
				CLANG_WARN_UNREACHABLE_CODE = YES;
				CLANG_WARN__DUPLICATE_METHOD_MATCH = YES;
				COPY_PHASE_STRIP = NO;
				DEBUG_INFORMATION_FORMAT = "dwarf-with-dsym";
				ENABLE_NS_ASSERTIONS = NO;
				ENABLE_STRICT_OBJC_MSGSEND = YES;
				GCC_C_LANGUAGE_STANDARD = gnu11;
				GCC_NO_COMMON_BLOCKS = YES;
				GCC_WARN_64_TO_32_BIT_CONVERSION = YES;
				GCC_WARN_ABOUT_RETURN_TYPE = YES_ERROR;
				GCC_WARN_UNDECLARED_SELECTOR = YES;
				GCC_WARN_UNINITIALIZED_AUTOS = YES_AGGRESSIVE;
				GCC_WARN_UNUSED_FUNCTION = YES;
				GCC_WARN_UNUSED_VARIABLE = YES;
				MTL_ENABLE_DEBUG_INFO = NO;
				MTL_FAST_MATH = YES;
				SWIFT_COMPILATION_MODE = wholemodule;
				SWIFT_OPTIMIZATION_LEVEL = "-O";
			};
			name = Release;
		};
		76D9050928B978BC00ED41E6 /* Debug */ = {
			isa = XCBuildConfiguration;
			buildSettings = {
				ASSETCATALOG_COMPILER_APPICON_NAME = AppIcon;
				ASSETCATALOG_COMPILER_GLOBAL_ACCENT_COLOR_NAME = AccentColor;
				CODE_SIGN_STYLE = Automatic;
				CURRENT_PROJECT_VERSION = 1;
				DEVELOPMENT_TEAM = PFVCA649R3;
				ENABLE_PREVIEWS = YES;
				GENERATE_INFOPLIST_FILE = YES;
				INFOPLIST_KEY_UIApplicationSceneManifest_Generation = YES;
				INFOPLIST_KEY_UIApplicationSupportsIndirectInputEvents = YES;
				INFOPLIST_KEY_UILaunchScreen_Generation = YES;
				INFOPLIST_KEY_UISupportedInterfaceOrientations_iPad = "UIInterfaceOrientationPortrait UIInterfaceOrientationPortraitUpsideDown UIInterfaceOrientationLandscapeLeft UIInterfaceOrientationLandscapeRight";
				INFOPLIST_KEY_UISupportedInterfaceOrientations_iPhone = "UIInterfaceOrientationPortrait UIInterfaceOrientationLandscapeLeft UIInterfaceOrientationLandscapeRight";
				IPHONEOS_DEPLOYMENT_TARGET = 15.5;
				LD_RUNPATH_SEARCH_PATHS = (
					"$(inherited)",
					"@executable_path/Frameworks",
				);
				MARKETING_VERSION = 1.0;
				PRODUCT_BUNDLE_IDENTIFIER = com.kashiash.Colors;
				PRODUCT_NAME = Colors;
				SDKROOT = iphoneos;
				SWIFT_EMIT_LOC_STRINGS = YES;
				SWIFT_VERSION = 5.0;
				TARGETED_DEVICE_FAMILY = "1,2";
			};
			name = Debug;
		};
		76D9050A28B978BC00ED41E6 /* Release */ = {
			isa = XCBuildConfiguration;
			buildSettings = {
				ASSETCATALOG_COMPILER_APPICON_NAME = AppIcon;
				ASSETCATALOG_COMPILER_GLOBAL_ACCENT_COLOR_NAME = AccentColor;
				CODE_SIGN_STYLE = Automatic;
				CURRENT_PROJECT_VERSION = 1;
				DEVELOPMENT_TEAM = PFVCA649R3;
				ENABLE_PREVIEWS = YES;
				GENERATE_INFOPLIST_FILE = YES;
				INFOPLIST_KEY_UIApplicationSceneManifest_Generation = YES;
				INFOPLIST_KEY_UIApplicationSupportsIndirectInputEvents = YES;
				INFOPLIST_KEY_UILaunchScreen_Generation = YES;
				INFOPLIST_KEY_UISupportedInterfaceOrientations_iPad = "UIInterfaceOrientationPortrait UIInterfaceOrientationPortraitUpsideDown UIInterfaceOrientationLandscapeLeft UIInterfaceOrientationLandscapeRight";
				INFOPLIST_KEY_UISupportedInterfaceOrientations_iPhone = "UIInterfaceOrientationPortrait UIInterfaceOrientationLandscapeLeft UIInterfaceOrientationLandscapeRight";
				IPHONEOS_DEPLOYMENT_TARGET = 15.5;
				LD_RUNPATH_SEARCH_PATHS = (
					"$(inherited)",
					"@executable_path/Frameworks",
				);
				MARKETING_VERSION = 1.0;
				PRODUCT_BUNDLE_IDENTIFIER = com.kashiash.Colors;
				PRODUCT_NAME = Colors;
				SDKROOT = iphoneos;
				SWIFT_EMIT_LOC_STRINGS = YES;
				SWIFT_VERSION = 5.0;
				TARGETED_DEVICE_FAMILY = "1,2";
				VALIDATE_PRODUCT = YES;
			};
			name = Release;
		};
		76D9050C28B978BC00ED41E6 /* Debug */ = {
			isa = XCBuildConfiguration;
			buildSettings = {
				ASSETCATALOG_COMPILER_APPICON_NAME = AppIcon;
				ASSETCATALOG_COMPILER_GLOBAL_ACCENT_COLOR_NAME = AccentColor;
				CODE_SIGN_ENTITLEMENTS = macOS/macOS.entitlements;
				CODE_SIGN_STYLE = Automatic;
				COMBINE_HIDPI_IMAGES = YES;
				CURRENT_PROJECT_VERSION = 1;
				DEVELOPMENT_TEAM = PFVCA649R3;
				ENABLE_HARDENED_RUNTIME = YES;
				ENABLE_PREVIEWS = YES;
				GENERATE_INFOPLIST_FILE = YES;
				INFOPLIST_KEY_NSHumanReadableCopyright = "";
				LD_RUNPATH_SEARCH_PATHS = (
					"$(inherited)",
					"@executable_path/../Frameworks",
				);
				MACOSX_DEPLOYMENT_TARGET = 12.3;
				MARKETING_VERSION = 1.0;
				PRODUCT_BUNDLE_IDENTIFIER = com.kashiash.Colors;
				PRODUCT_NAME = Colors;
				SDKROOT = macosx;
				SWIFT_EMIT_LOC_STRINGS = YES;
				SWIFT_VERSION = 5.0;
			};
			name = Debug;
		};
		76D9050D28B978BC00ED41E6 /* Release */ = {
			isa = XCBuildConfiguration;
			buildSettings = {
				ASSETCATALOG_COMPILER_APPICON_NAME = AppIcon;
				ASSETCATALOG_COMPILER_GLOBAL_ACCENT_COLOR_NAME = AccentColor;
				CODE_SIGN_ENTITLEMENTS = macOS/macOS.entitlements;
				CODE_SIGN_STYLE = Automatic;
				COMBINE_HIDPI_IMAGES = YES;
				CURRENT_PROJECT_VERSION = 1;
				DEVELOPMENT_TEAM = PFVCA649R3;
				ENABLE_HARDENED_RUNTIME = YES;
				ENABLE_PREVIEWS = YES;
				GENERATE_INFOPLIST_FILE = YES;
				INFOPLIST_KEY_NSHumanReadableCopyright = "";
				LD_RUNPATH_SEARCH_PATHS = (
					"$(inherited)",
					"@executable_path/../Frameworks",
				);
				MACOSX_DEPLOYMENT_TARGET = 12.3;
				MARKETING_VERSION = 1.0;
				PRODUCT_BUNDLE_IDENTIFIER = com.kashiash.Colors;
				PRODUCT_NAME = Colors;
				SDKROOT = macosx;
				SWIFT_EMIT_LOC_STRINGS = YES;
				SWIFT_VERSION = 5.0;
			};
			name = Release;
		};
		76D9050F28B978BC00ED41E6 /* Debug */ = {
			isa = XCBuildConfiguration;
			buildSettings = {
				ALWAYS_EMBED_SWIFT_STANDARD_LIBRARIES = YES;
				CODE_SIGN_STYLE = Automatic;
				CURRENT_PROJECT_VERSION = 1;
				DEVELOPMENT_TEAM = PFVCA649R3;
				GENERATE_INFOPLIST_FILE = YES;
				IPHONEOS_DEPLOYMENT_TARGET = 15.5;
				MARKETING_VERSION = 1.0;
				PRODUCT_BUNDLE_IDENTIFIER = "com.kashiash.Tests-iOS";
				PRODUCT_NAME = "$(TARGET_NAME)";
				SDKROOT = iphoneos;
				SWIFT_EMIT_LOC_STRINGS = NO;
				SWIFT_VERSION = 5.0;
				TARGETED_DEVICE_FAMILY = "1,2";
				TEST_TARGET_NAME = "Colors (iOS)";
			};
			name = Debug;
		};
		76D9051028B978BC00ED41E6 /* Release */ = {
			isa = XCBuildConfiguration;
			buildSettings = {
				ALWAYS_EMBED_SWIFT_STANDARD_LIBRARIES = YES;
				CODE_SIGN_STYLE = Automatic;
				CURRENT_PROJECT_VERSION = 1;
				DEVELOPMENT_TEAM = PFVCA649R3;
				GENERATE_INFOPLIST_FILE = YES;
				IPHONEOS_DEPLOYMENT_TARGET = 15.5;
				MARKETING_VERSION = 1.0;
				PRODUCT_BUNDLE_IDENTIFIER = "com.kashiash.Tests-iOS";
				PRODUCT_NAME = "$(TARGET_NAME)";
				SDKROOT = iphoneos;
				SWIFT_EMIT_LOC_STRINGS = NO;
				SWIFT_VERSION = 5.0;
				TARGETED_DEVICE_FAMILY = "1,2";
				TEST_TARGET_NAME = "Colors (iOS)";
				VALIDATE_PRODUCT = YES;
			};
			name = Release;
		};
		76D9051228B978BC00ED41E6 /* Debug */ = {
			isa = XCBuildConfiguration;
			buildSettings = {
				ALWAYS_EMBED_SWIFT_STANDARD_LIBRARIES = YES;
				CODE_SIGN_STYLE = Automatic;
				CURRENT_PROJECT_VERSION = 1;
				DEVELOPMENT_TEAM = PFVCA649R3;
				GENERATE_INFOPLIST_FILE = YES;
				MACOSX_DEPLOYMENT_TARGET = 12.3;
				MARKETING_VERSION = 1.0;
				PRODUCT_BUNDLE_IDENTIFIER = "com.kashiash.Tests-macOS";
				PRODUCT_NAME = "$(TARGET_NAME)";
				SDKROOT = macosx;
				SWIFT_EMIT_LOC_STRINGS = NO;
				SWIFT_VERSION = 5.0;
				TEST_TARGET_NAME = "Colors (macOS)";
			};
			name = Debug;
		};
		76D9051328B978BC00ED41E6 /* Release */ = {
			isa = XCBuildConfiguration;
			buildSettings = {
				ALWAYS_EMBED_SWIFT_STANDARD_LIBRARIES = YES;
				CODE_SIGN_STYLE = Automatic;
				CURRENT_PROJECT_VERSION = 1;
				DEVELOPMENT_TEAM = PFVCA649R3;
				GENERATE_INFOPLIST_FILE = YES;
				MACOSX_DEPLOYMENT_TARGET = 12.3;
				MARKETING_VERSION = 1.0;
				PRODUCT_BUNDLE_IDENTIFIER = "com.kashiash.Tests-macOS";
				PRODUCT_NAME = "$(TARGET_NAME)";
				SDKROOT = macosx;
				SWIFT_EMIT_LOC_STRINGS = NO;
				SWIFT_VERSION = 5.0;
				TEST_TARGET_NAME = "Colors (macOS)";
			};
			name = Release;
		};
/* End XCBuildConfiguration section */

/* Begin XCConfigurationList section */
		76D904D628B978B900ED41E6 /* Build configuration list for PBXProject "Colors" */ = {
			isa = XCConfigurationList;
			buildConfigurations = (
				76D9050628B978BC00ED41E6 /* Debug */,
				76D9050728B978BC00ED41E6 /* Release */,
			);
			defaultConfigurationIsVisible = 0;
			defaultConfigurationName = Release;
		};
		76D9050828B978BC00ED41E6 /* Build configuration list for PBXNativeTarget "Colors (iOS)" */ = {
			isa = XCConfigurationList;
			buildConfigurations = (
				76D9050928B978BC00ED41E6 /* Debug */,
				76D9050A28B978BC00ED41E6 /* Release */,
			);
			defaultConfigurationIsVisible = 0;
			defaultConfigurationName = Release;
		};
		76D9050B28B978BC00ED41E6 /* Build configuration list for PBXNativeTarget "Colors (macOS)" */ = {
			isa = XCConfigurationList;
			buildConfigurations = (
				76D9050C28B978BC00ED41E6 /* Debug */,
				76D9050D28B978BC00ED41E6 /* Release */,
			);
			defaultConfigurationIsVisible = 0;
			defaultConfigurationName = Release;
		};
		76D9050E28B978BC00ED41E6 /* Build configuration list for PBXNativeTarget "Tests iOS" */ = {
			isa = XCConfigurationList;
			buildConfigurations = (
				76D9050F28B978BC00ED41E6 /* Debug */,
				76D9051028B978BC00ED41E6 /* Release */,
			);
			defaultConfigurationIsVisible = 0;
			defaultConfigurationName = Release;
		};
		76D9051128B978BC00ED41E6 /* Build configuration list for PBXNativeTarget "Tests macOS" */ = {
			isa = XCConfigurationList;
			buildConfigurations = (
				76D9051228B978BC00ED41E6 /* Debug */,
				76D9051328B978BC00ED41E6 /* Release */,
			);
			defaultConfigurationIsVisible = 0;
			defaultConfigurationName = Release;
		};
/* End XCConfigurationList section */
	};
	rootObject = 76D904D328B978B900ED41E6 /* Project object */;
}
